
Microsoft Visual Studio Solution File, Format Version 12.00
# Visual Studio Version 16
VisualStudioVersion = 16.0.31624.102
MinimumVisualStudioVersion = 10.0.40219.1
Project("{FAE04EC0-301F-11D3-BF4B-00C04F79EFBC}") = "Swift Tomes Accounting", "Swift Tomes Accounting\Swift Tomes Accounting.csproj", "{172EF1A9-9B39-4EF1-9908-CBE3BEE33B29}"
EndProject
Global
	GlobalSection(SolutionConfigurationPlatforms) = preSolution
		Debug|Any CPU = Debug|Any CPU
		Release|Any CPU = Release|Any CPU
	EndGlobalSection
	GlobalSection(ProjectConfigurationPlatforms) = postSolution
		{172EF1A9-9B39-4EF1-9908-CBE3BEE33B29}.Debug|Any CPU.ActiveCfg = Debug|Any CPU
		{172EF1A9-9B39-4EF1-9908-CBE3BEE33B29}.Debug|Any CPU.Build.0 = Debug|Any CPU
		{172EF1A9-9B39-4EF1-9908-CBE3BEE33B29}.Release|Any CPU.ActiveCfg = Release|Any CPU
		{172EF1A9-9B39-4EF1-9908-CBE3BEE33B29}.Release|Any CPU.Build.0 = Release|Any CPU
	EndGlobalSection
	GlobalSection(SolutionProperties) = preSolution
		HideSolutionNode = FALSE
	EndGlobalSection
	GlobalSection(ExtensibilityGlobals) = postSolution
		SolutionGuid = {836EC9BA-7D4E-4E55-AF48-EBB2C7190DE1}
	EndGlobalSection
EndGlobal
